
Microsoft Visual Studio Solution File, Format Version 12.00
# Visual Studio 14
VisualStudioVersion = 14.0.25123.0
MinimumVisualStudioVersion = 10.0.40219.1
Project("{2150E333-8FDC-42A3-9474-1A3956D46DE8}") = "Clients", "Clients", "{4B21284A-74C7-44F1-AFF1-2BA13993211C}"
EndProject
Project("{FAE04EC0-301F-11D3-BF4B-00C04F79EFBC}") = "EvolveVideos.Clients.Core", "Clients\EvolveVideos.Clients.Core\EvolveVideos.Clients.Core.csproj", "{03CE1774-B61F-4611-BF03-407C00D6B568}"
EndProject
Project("{FAE04EC0-301F-11D3-BF4B-00C04F79EFBC}") = "EvolveVideos.Clients.UWP", "EvolveVideos.Clients.UWP\EvolveVideos.Clients.UWP.csproj", "{76013538-30EF-4F7F-B789-4758812B340D}"
EndProject
Project("{FAE04EC0-301F-11D3-BF4B-00C04F79EFBC}") = "EvolveVideos.Data", "EvolveVideos.Data\EvolveVideos.Data.csproj", "{02EFD406-1F5F-4152-8766-28276132ECAF}"
EndProject
Project("{FAE04EC0-301F-11D3-BF4B-00C04F79EFBC}") = "EvolveVideos.Clients.Services", "EvolveVideos.Clients.Services\EvolveVideos.Clients.Services.csproj", "{DA1BD0B6-147D-4461-B6B8-839C410899CB}"
EndProject
Project("{FAE04EC0-301F-11D3-BF4B-00C04F79EFBC}") = "EvolveVideos.Clients.ViewModels", "EvolveVideos.Clients.ViewModels\EvolveVideos.Clients.ViewModels.csproj", "{206F47F9-E3B9-4313-BBE0-20AAC9D867C4}"
EndProject
Project("{2150E333-8FDC-42A3-9474-1A3956D46DE8}") = "Tests", "Tests", "{A7C3C6A2-BD9C-417D-B9ED-7DE30B0A68EA}"
EndProject
Project("{FAE04EC0-301F-11D3-BF4B-00C04F79EFBC}") = "EvolveVideos.Clients.ViewModels.Tests", "Tests\EvolveVideos.Clients.ViewModels.Tests\EvolveVideos.Clients.ViewModels.Tests.csproj", "{0C78FF58-2A5E-4993-8B2C-88C7931FAC40}"
EndProject
Global
	GlobalSection(SolutionConfigurationPlatforms) = preSolution
		Debug|Any CPU = Debug|Any CPU
		Debug|ARM = Debug|ARM
		Debug|x64 = Debug|x64
		Debug|x86 = Debug|x86
		Release|Any CPU = Release|Any CPU
		Release|ARM = Release|ARM
		Release|x64 = Release|x64
		Release|x86 = Release|x86
	EndGlobalSection
	GlobalSection(ProjectConfigurationPlatforms) = postSolution
		{03CE1774-B61F-4611-BF03-407C00D6B568}.Debug|Any CPU.ActiveCfg = Debug|Any CPU
		{03CE1774-B61F-4611-BF03-407C00D6B568}.Debug|Any CPU.Build.0 = Debug|Any CPU
		{03CE1774-B61F-4611-BF03-407C00D6B568}.Debug|ARM.ActiveCfg = Debug|Any CPU
		{03CE1774-B61F-4611-BF03-407C00D6B568}.Debug|ARM.Build.0 = Debug|Any CPU
		{03CE1774-B61F-4611-BF03-407C00D6B568}.Debug|x64.ActiveCfg = Debug|Any CPU
		{03CE1774-B61F-4611-BF03-407C00D6B568}.Debug|x64.Build.0 = Debug|Any CPU
		{03CE1774-B61F-4611-BF03-407C00D6B568}.Debug|x86.ActiveCfg = Debug|Any CPU
		{03CE1774-B61F-4611-BF03-407C00D6B568}.Debug|x86.Build.0 = Debug|Any CPU
		{03CE1774-B61F-4611-BF03-407C00D6B568}.Release|Any CPU.ActiveCfg = Release|Any CPU
		{03CE1774-B61F-4611-BF03-407C00D6B568}.Release|Any CPU.Build.0 = Release|Any CPU
		{03CE1774-B61F-4611-BF03-407C00D6B568}.Release|ARM.ActiveCfg = Release|Any CPU
		{03CE1774-B61F-4611-BF03-407C00D6B568}.Release|ARM.Build.0 = Release|Any CPU
		{03CE1774-B61F-4611-BF03-407C00D6B568}.Release|x64.ActiveCfg = Release|Any CPU
		{03CE1774-B61F-4611-BF03-407C00D6B568}.Release|x64.Build.0 = Release|Any CPU
		{03CE1774-B61F-4611-BF03-407C00D6B568}.Release|x86.ActiveCfg = Release|Any CPU
		{03CE1774-B61F-4611-BF03-407C00D6B568}.Release|x86.Build.0 = Release|Any CPU
		{76013538-30EF-4F7F-B789-4758812B340D}.Debug|Any CPU.ActiveCfg = Debug|x86
		{76013538-30EF-4F7F-B789-4758812B340D}.Debug|Any CPU.Build.0 = Debug|x86
		{76013538-30EF-4F7F-B789-4758812B340D}.Debug|Any CPU.Deploy.0 = Debug|x86
		{76013538-30EF-4F7F-B789-4758812B340D}.Debug|ARM.ActiveCfg = Debug|ARM
		{76013538-30EF-4F7F-B789-4758812B340D}.Debug|ARM.Build.0 = Debug|ARM
		{76013538-30EF-4F7F-B789-4758812B340D}.Debug|ARM.Deploy.0 = Debug|ARM
		{76013538-30EF-4F7F-B789-4758812B340D}.Debug|x64.ActiveCfg = Debug|x64
		{76013538-30EF-4F7F-B789-4758812B340D}.Debug|x64.Build.0 = Debug|x64
		{76013538-30EF-4F7F-B789-4758812B340D}.Debug|x64.Deploy.0 = Debug|x64
		{76013538-30EF-4F7F-B789-4758812B340D}.Debug|x86.ActiveCfg = Debug|x86
		{76013538-30EF-4F7F-B789-4758812B340D}.Debug|x86.Build.0 = Debug|x86
		{76013538-30EF-4F7F-B789-4758812B340D}.Debug|x86.Deploy.0 = Debug|x86
		{76013538-30EF-4F7F-B789-4758812B340D}.Release|Any CPU.ActiveCfg = Release|x86
		{76013538-30EF-4F7F-B789-4758812B340D}.Release|ARM.ActiveCfg = Release|ARM
		{76013538-30EF-4F7F-B789-4758812B340D}.Release|ARM.Build.0 = Release|ARM
		{76013538-30EF-4F7F-B789-4758812B340D}.Release|ARM.Deploy.0 = Release|ARM
		{76013538-30EF-4F7F-B789-4758812B340D}.Release|x64.ActiveCfg = Release|x64
		{76013538-30EF-4F7F-B789-4758812B340D}.Release|x64.Build.0 = Release|x64
		{76013538-30EF-4F7F-B789-4758812B340D}.Release|x64.Deploy.0 = Release|x64
		{76013538-30EF-4F7F-B789-4758812B340D}.Release|x86.ActiveCfg = Release|x86
		{76013538-30EF-4F7F-B789-4758812B340D}.Release|x86.Build.0 = Release|x86
		{76013538-30EF-4F7F-B789-4758812B340D}.Release|x86.Deploy.0 = Release|x86
		{02EFD406-1F5F-4152-8766-28276132ECAF}.Debug|Any CPU.ActiveCfg = Debug|Any CPU
		{02EFD406-1F5F-4152-8766-28276132ECAF}.Debug|Any CPU.Build.0 = Debug|Any CPU
		{02EFD406-1F5F-4152-8766-28276132ECAF}.Debug|ARM.ActiveCfg = Debug|Any CPU
		{02EFD406-1F5F-4152-8766-28276132ECAF}.Debug|ARM.Build.0 = Debug|Any CPU
		{02EFD406-1F5F-4152-8766-28276132ECAF}.Debug|x64.ActiveCfg = Debug|Any CPU
		{02EFD406-1F5F-4152-8766-28276132ECAF}.Debug|x64.Build.0 = Debug|Any CPU
		{02EFD406-1F5F-4152-8766-28276132ECAF}.Debug|x86.ActiveCfg = Debug|Any CPU
		{02EFD406-1F5F-4152-8766-28276132ECAF}.Debug|x86.Build.0 = Debug|Any CPU
		{02EFD406-1F5F-4152-8766-28276132ECAF}.Release|Any CPU.ActiveCfg = Release|Any CPU
		{02EFD406-1F5F-4152-8766-28276132ECAF}.Release|Any CPU.Build.0 = Release|Any CPU
		{02EFD406-1F5F-4152-8766-28276132ECAF}.Release|ARM.ActiveCfg = Release|Any CPU
		{02EFD406-1F5F-4152-8766-28276132ECAF}.Release|ARM.Build.0 = Release|Any CPU
		{02EFD406-1F5F-4152-8766-28276132ECAF}.Release|x64.ActiveCfg = Release|Any CPU
		{02EFD406-1F5F-4152-8766-28276132ECAF}.Release|x64.Build.0 = Release|Any CPU
		{02EFD406-1F5F-4152-8766-28276132ECAF}.Release|x86.ActiveCfg = Release|Any CPU
		{02EFD406-1F5F-4152-8766-28276132ECAF}.Release|x86.Build.0 = Release|Any CPU
		{DA1BD0B6-147D-4461-B6B8-839C410899CB}.Debug|Any CPU.ActiveCfg = Debug|Any CPU
		{DA1BD0B6-147D-4461-B6B8-839C410899CB}.Debug|Any CPU.Build.0 = Debug|Any CPU
		{DA1BD0B6-147D-4461-B6B8-839C410899CB}.Debug|ARM.ActiveCfg = Debug|Any CPU
		{DA1BD0B6-147D-4461-B6B8-839C410899CB}.Debug|ARM.Build.0 = Debug|Any CPU
		{DA1BD0B6-147D-4461-B6B8-839C410899CB}.Debug|x64.ActiveCfg = Debug|Any CPU
		{DA1BD0B6-147D-4461-B6B8-839C410899CB}.Debug|x64.Build.0 = Debug|Any CPU
		{DA1BD0B6-147D-4461-B6B8-839C410899CB}.Debug|x86.ActiveCfg = Debug|Any CPU
		{DA1BD0B6-147D-4461-B6B8-839C410899CB}.Debug|x86.Build.0 = Debug|Any CPU
		{DA1BD0B6-147D-4461-B6B8-839C410899CB}.Release|Any CPU.ActiveCfg = Release|Any CPU
		{DA1BD0B6-147D-4461-B6B8-839C410899CB}.Release|Any CPU.Build.0 = Release|Any CPU
		{DA1BD0B6-147D-4461-B6B8-839C410899CB}.Release|ARM.ActiveCfg = Release|Any CPU
		{DA1BD0B6-147D-4461-B6B8-839C410899CB}.Release|ARM.Build.0 = Release|Any CPU
		{DA1BD0B6-147D-4461-B6B8-839C410899CB}.Release|x64.ActiveCfg = Release|Any CPU
		{DA1BD0B6-147D-4461-B6B8-839C410899CB}.Release|x64.Build.0 = Release|Any CPU
		{DA1BD0B6-147D-4461-B6B8-839C410899CB}.Release|x86.ActiveCfg = Release|Any CPU
		{DA1BD0B6-147D-4461-B6B8-839C410899CB}.Release|x86.Build.0 = Release|Any CPU
		{206F47F9-E3B9-4313-BBE0-20AAC9D867C4}.Debug|Any CPU.ActiveCfg = Debug|Any CPU
		{206F47F9-E3B9-4313-BBE0-20AAC9D867C4}.Debug|Any CPU.Build.0 = Debug|Any CPU
		{206F47F9-E3B9-4313-BBE0-20AAC9D867C4}.Debug|ARM.ActiveCfg = Debug|Any CPU
		{206F47F9-E3B9-4313-BBE0-20AAC9D867C4}.Debug|ARM.Build.0 = Debug|Any CPU
		{206F47F9-E3B9-4313-BBE0-20AAC9D867C4}.Debug|x64.ActiveCfg = Debug|Any CPU
		{206F47F9-E3B9-4313-BBE0-20AAC9D867C4}.Debug|x64.Build.0 = Debug|Any CPU
		{206F47F9-E3B9-4313-BBE0-20AAC9D867C4}.Debug|x86.ActiveCfg = Debug|Any CPU
		{206F47F9-E3B9-4313-BBE0-20AAC9D867C4}.Debug|x86.Build.0 = Debug|Any CPU
		{206F47F9-E3B9-4313-BBE0-20AAC9D867C4}.Release|Any CPU.ActiveCfg = Release|Any CPU
		{206F47F9-E3B9-4313-BBE0-20AAC9D867C4}.Release|Any CPU.Build.0 = Release|Any CPU
		{206F47F9-E3B9-4313-BBE0-20AAC9D867C4}.Release|ARM.ActiveCfg = Release|Any CPU
		{206F47F9-E3B9-4313-BBE0-20AAC9D867C4}.Release|ARM.Build.0 = Release|Any CPU
		{206F47F9-E3B9-4313-BBE0-20AAC9D867C4}.Release|x64.ActiveCfg = Release|Any CPU
		{206F47F9-E3B9-4313-BBE0-20AAC9D867C4}.Release|x64.Build.0 = Release|Any CPU
		{206F47F9-E3B9-4313-BBE0-20AAC9D867C4}.Release|x86.ActiveCfg = Release|Any CPU
		{206F47F9-E3B9-4313-BBE0-20AAC9D867C4}.Release|x86.Build.0 = Release|Any CPU
		{0C78FF58-2A5E-4993-8B2C-88C7931FAC40}.Debug|Any CPU.ActiveCfg = Debug|Any CPU
		{0C78FF58-2A5E-4993-8B2C-88C7931FAC40}.Debug|Any CPU.Build.0 = Debug|Any CPU
		{0C78FF58-2A5E-4993-8B2C-88C7931FAC40}.Debug|ARM.ActiveCfg = Debug|Any CPU
		{0C78FF58-2A5E-4993-8B2C-88C7931FAC40}.Debug|ARM.Build.0 = Debug|Any CPU
		{0C78FF58-2A5E-4993-8B2C-88C7931FAC40}.Debug|x64.ActiveCfg = Debug|Any CPU
		{0C78FF58-2A5E-4993-8B2C-88C7931FAC40}.Debug|x64.Build.0 = Debug|Any CPU
		{0C78FF58-2A5E-4993-8B2C-88C7931FAC40}.Debug|x86.ActiveCfg = Debug|Any CPU
		{0C78FF58-2A5E-4993-8B2C-88C7931FAC40}.Debug|x86.Build.0 = Debug|Any CPU
		{0C78FF58-2A5E-4993-8B2C-88C7931FAC40}.Release|Any CPU.ActiveCfg = Release|Any CPU
		{0C78FF58-2A5E-4993-8B2C-88C7931FAC40}.Release|Any CPU.Build.0 = Release|Any CPU
		{0C78FF58-2A5E-4993-8B2C-88C7931FAC40}.Release|ARM.ActiveCfg = Release|Any CPU
		{0C78FF58-2A5E-4993-8B2C-88C7931FAC40}.Release|ARM.Build.0 = Release|Any CPU
		{0C78FF58-2A5E-4993-8B2C-88C7931FAC40}.Release|x64.ActiveCfg = Release|Any CPU
		{0C78FF58-2A5E-4993-8B2C-88C7931FAC40}.Release|x64.Build.0 = Release|Any CPU
		{0C78FF58-2A5E-4993-8B2C-88C7931FAC40}.Release|x86.ActiveCfg = Release|Any CPU
		{0C78FF58-2A5E-4993-8B2C-88C7931FAC40}.Release|x86.Build.0 = Release|Any CPU
	EndGlobalSection
	GlobalSection(SolutionProperties) = preSolution
		HideSolutionNode = FALSE
	EndGlobalSection
	GlobalSection(NestedProjects) = preSolution
		{03CE1774-B61F-4611-BF03-407C00D6B568} = {4B21284A-74C7-44F1-AFF1-2BA13993211C}
		{76013538-30EF-4F7F-B789-4758812B340D} = {4B21284A-74C7-44F1-AFF1-2BA13993211C}
		{02EFD406-1F5F-4152-8766-28276132ECAF} = {4B21284A-74C7-44F1-AFF1-2BA13993211C}
		{DA1BD0B6-147D-4461-B6B8-839C410899CB} = {4B21284A-74C7-44F1-AFF1-2BA13993211C}
		{206F47F9-E3B9-4313-BBE0-20AAC9D867C4} = {4B21284A-74C7-44F1-AFF1-2BA13993211C}
		{A7C3C6A2-BD9C-417D-B9ED-7DE30B0A68EA} = {4B21284A-74C7-44F1-AFF1-2BA13993211C}
		{0C78FF58-2A5E-4993-8B2C-88C7931FAC40} = {A7C3C6A2-BD9C-417D-B9ED-7DE30B0A68EA}
	EndGlobalSection
EndGlobal
